
Microsoft Visual Studio Solution File, Format Version 12.00
# Visual Studio Version 17
VisualStudioVersion = 17.3.32929.385
MinimumVisualStudioVersion = 10.0.40219.1
Project("{2150E333-8FDC-42A3-9474-1A3956D46DE8}") = "String", "String", "{54EEB024-F3C7-45EB-A2DF-A03626E13481}"
EndProject
Project("{9A19103F-16F7-4668-BE54-9A1E7A4F7556}") = "FluentCoding.String", "FluentExtensions.String\FluentExtensions.String\FluentCoding.String.csproj", "{E2891C7C-3C77-4211-A13F-9E2B5267FA61}"
EndProject
Project("{9A19103F-16F7-4668-BE54-9A1E7A4F7556}") = "FluentCoding", "FluentExtensions\FluentExtensions\FluentCoding.csproj", "{4F8CD69A-1575-4D32-A973-59D99CC690E2}"
EndProject
Project("{9A19103F-16F7-4668-BE54-9A1E7A4F7556}") = "FluentCoding.Test", "FluentExtensions\FluentExtensions.Test\FluentCoding.Test.csproj", "{57CCD467-DDFF-42C3-8438-DDFC54426C32}"
EndProject
Project("{FAE04EC0-301F-11D3-BF4B-00C04F79EFBC}") = "FluentCoding.String.Test", "FluentExtensions.String\FluentExtensions.String.Test\FluentCoding.String.Test.csproj", "{6E64CAA4-3041-4CE1-BEE9-0F6935B1DC15}"
EndProject
Project("{2150E333-8FDC-42A3-9474-1A3956D46DE8}") = "Solution Items", "Solution Items", "{40141769-B236-4E52-AA6B-50CD279231B9}"
	ProjectSection(SolutionItems) = preProject
		README.md = README.md
	EndProjectSection
EndProject
Global
	GlobalSection(SolutionConfigurationPlatforms) = preSolution
		Debug|Any CPU = Debug|Any CPU
		Release|Any CPU = Release|Any CPU
	EndGlobalSection
	GlobalSection(ProjectConfigurationPlatforms) = postSolution
		{E2891C7C-3C77-4211-A13F-9E2B5267FA61}.Debug|Any CPU.ActiveCfg = Debug|Any CPU
		{E2891C7C-3C77-4211-A13F-9E2B5267FA61}.Debug|Any CPU.Build.0 = Debug|Any CPU
		{E2891C7C-3C77-4211-A13F-9E2B5267FA61}.Release|Any CPU.ActiveCfg = Release|Any CPU
		{E2891C7C-3C77-4211-A13F-9E2B5267FA61}.Release|Any CPU.Build.0 = Release|Any CPU
		{4F8CD69A-1575-4D32-A973-59D99CC690E2}.Debug|Any CPU.ActiveCfg = Debug|Any CPU
		{4F8CD69A-1575-4D32-A973-59D99CC690E2}.Debug|Any CPU.Build.0 = Debug|Any CPU
		{4F8CD69A-1575-4D32-A973-59D99CC690E2}.Release|Any CPU.ActiveCfg = Release|Any CPU
		{4F8CD69A-1575-4D32-A973-59D99CC690E2}.Release|Any CPU.Build.0 = Release|Any CPU
		{57CCD467-DDFF-42C3-8438-DDFC54426C32}.Debug|Any CPU.ActiveCfg = Debug|Any CPU
		{57CCD467-DDFF-42C3-8438-DDFC54426C32}.Debug|Any CPU.Build.0 = Debug|Any CPU
		{57CCD467-DDFF-42C3-8438-DDFC54426C32}.Release|Any CPU.ActiveCfg = Release|Any CPU
		{57CCD467-DDFF-42C3-8438-DDFC54426C32}.Release|Any CPU.Build.0 = Release|Any CPU
		{6E64CAA4-3041-4CE1-BEE9-0F6935B1DC15}.Debug|Any CPU.ActiveCfg = Debug|Any CPU
		{6E64CAA4-3041-4CE1-BEE9-0F6935B1DC15}.Debug|Any CPU.Build.0 = Debug|Any CPU
		{6E64CAA4-3041-4CE1-BEE9-0F6935B1DC15}.Release|Any CPU.ActiveCfg = Release|Any CPU
		{6E64CAA4-3041-4CE1-BEE9-0F6935B1DC15}.Release|Any CPU.Build.0 = Release|Any CPU
	EndGlobalSection
	GlobalSection(SolutionProperties) = preSolution
		HideSolutionNode = FALSE
	EndGlobalSection
	GlobalSection(NestedProjects) = preSolution
		{E2891C7C-3C77-4211-A13F-9E2B5267FA61} = {54EEB024-F3C7-45EB-A2DF-A03626E13481}
		{6E64CAA4-3041-4CE1-BEE9-0F6935B1DC15} = {54EEB024-F3C7-45EB-A2DF-A03626E13481}
	EndGlobalSection
	GlobalSection(ExtensibilityGlobals) = postSolution
		SolutionGuid = {8A7085D5-209E-4903-994F-923B7EFA6EA4}
	EndGlobalSection
EndGlobal
